
Microsoft Visual Studio Solution File, Format Version 12.00
# Visual Studio Version 17
VisualStudioVersion = 17.14.36414.22 d17.14
MinimumVisualStudioVersion = 10.0.40219.1
Project("{8BC9CEB8-8B4A-11D0-8D11-00A0C91BC942}") = "injector", "injector\injector.vcxproj", "{D4E0116E-7F64-40C2-967D-A0F34E98B9B1}"
EndProject
Global
	GlobalSection(SolutionConfigurationPlatforms) = preSolution
		Debug|x64 = Debug|x64
		Debug|x86 = Debug|x86
		Release|x64 = Release|x64
		Release|x86 = Release|x86
	EndGlobalSection
	GlobalSection(ProjectConfigurationPlatforms) = postSolution
		{D4E0116E-7F64-40C2-967D-A0F34E98B9B1}.Debug|x64.ActiveCfg = Debug|x64
		{D4E0116E-7F64-40C2-967D-A0F34E98B9B1}.Debug|x64.Build.0 = Debug|x64
		{D4E0116E-7F64-40C2-967D-A0F34E98B9B1}.Debug|x86.ActiveCfg = Debug|Win32
		{D4E0116E-7F64-40C2-967D-A0F34E98B9B1}.Debug|x86.Build.0 = Debug|Win32
		{D4E0116E-7F64-40C2-967D-A0F34E98B9B1}.Release|x64.ActiveCfg = Release|x64
		{D4E0116E-7F64-40C2-967D-A0F34E98B9B1}.Release|x64.Build.0 = Release|x64
		{D4E0116E-7F64-40C2-967D-A0F34E98B9B1}.Release|x86.ActiveCfg = Release|Win32
		{D4E0116E-7F64-40C2-967D-A0F34E98B9B1}.Release|x86.Build.0 = Release|Win32
	EndGlobalSection
	GlobalSection(SolutionProperties) = preSolution
		HideSolutionNode = FALSE
	EndGlobalSection
	GlobalSection(ExtensibilityGlobals) = postSolution
		SolutionGuid = {03802D14-73E9-4D09-9AB0-1C441998DCA6}
	EndGlobalSection
EndGlobal
